// !$*UTF8*$!
{
	archiveVersion = 1;
	classes = {
	};
	objectVersion = 50;
	objects = {

/* Begin PBXBuildFile section */
		190A023E2488A6DF003CD799 /* main.mp4 in Resources */ = {isa = PBXBuildFile; fileRef = 190A023D2488A6DE003CD799 /* main.mp4 */; };
		190A02D6248A3452003CD799 /* 1591344158121590.mp4 in Resources */ = {isa = PBXBuildFile; fileRef = 190A02D5248A3451003CD799 /* 1591344158121590.mp4 */; };
		19895BEE247CEE8900123F3D /* ASValuePopUpView.m in Sources */ = {isa = PBXBuildFile; fileRef = 19895BEC247CEE8900123F3D /* ASValuePopUpView.m */; };
		19895BEF247CEE8900123F3D /* ASValueTrackingSlider.m in Sources */ = {isa = PBXBuildFile; fileRef = 19895BED247CEE8900123F3D /* ASValueTrackingSlider.m */; };
		19BF9C8B22E85270008040A0 /* ACAppDelegate.m in Sources */ = {isa = PBXBuildFile; fileRef = 19BF9C8A22E85270008040A0 /* ACAppDelegate.m */; };
		19BF9C8E22E85271008040A0 /* ACViewController.m in Sources */ = {isa = PBXBuildFile; fileRef = 19BF9C8D22E85271008040A0 /* ACViewController.m */; };
		19BF9C9122E85271008040A0 /* Main.storyboard in Resources */ = {isa = PBXBuildFile; fileRef = 19BF9C8F22E85271008040A0 /* Main.storyboard */; };
		19BF9C9322E85272008040A0 /* Assets.xcassets in Resources */ = {isa = PBXBuildFile; fileRef = 19BF9C9222E85272008040A0 /* Assets.xcassets */; };
		19BF9C9622E85272008040A0 /* LaunchScreen.storyboard in Resources */ = {isa = PBXBuildFile; fileRef = 19BF9C9422E85272008040A0 /* LaunchScreen.storyboard */; };
		19BF9C9922E85272008040A0 /* main.m in Sources */ = {isa = PBXBuildFile; fileRef = 19BF9C9822E85272008040A0 /* main.m */; };
		19BF9D2822E85411008040A0 /* ACViewModel.m in Sources */ = {isa = PBXBuildFile; fileRef = 19BF9D2722E85411008040A0 /* ACViewModel.m */; };
		19BF9D2B22E8553A008040A0 /* libz.tbd in Frameworks */ = {isa = PBXBuildFile; fileRef = 19BF9D2A22E8553A008040A0 /* libz.tbd */; };
		19BF9D2D22E85551008040A0 /* libiconv.tbd in Frameworks */ = {isa = PBXBuildFile; fileRef = 19BF9D2C22E85551008040A0 /* libiconv.tbd */; };
		19BF9D2F22E8555A008040A0 /* libbz2.tbd in Frameworks */ = {isa = PBXBuildFile; fileRef = 19BF9D2E22E8555A008040A0 /* libbz2.tbd */; };
		19BF9D3122E8586D008040A0 /* VideoToolbox.framework in Frameworks */ = {isa = PBXBuildFile; fileRef = 19BF9D3022E8586D008040A0 /* VideoToolbox.framework */; };
		19BF9D3322E8588C008040A0 /* CoreMedia.framework in Frameworks */ = {isa = PBXBuildFile; fileRef = 19BF9D3222E8588C008040A0 /* CoreMedia.framework */; };
		19BF9D3522E858C0008040A0 /* AudioToolbox.framework in Frameworks */ = {isa = PBXBuildFile; fileRef = 19BF9D3422E858C0008040A0 /* AudioToolbox.framework */; };
		19BF9D3822E85FB4008040A0 /* video.mp4 in Resources */ = {isa = PBXBuildFile; fileRef = 19BF9D3722E85FB4008040A0 /* video.mp4 */; };
		19BF9DB922E934CA008040A0 /* libavcodec.a in Frameworks */ = {isa = PBXBuildFile; fileRef = 19BF9DB222E934CA008040A0 /* libavcodec.a */; };
		19BF9DBA22E934CA008040A0 /* libavdevice.a in Frameworks */ = {isa = PBXBuildFile; fileRef = 19BF9DB322E934CA008040A0 /* libavdevice.a */; };
		19BF9DBB22E934CA008040A0 /* libavfilter.a in Frameworks */ = {isa = PBXBuildFile; fileRef = 19BF9DB422E934CA008040A0 /* libavfilter.a */; };
		19BF9DBC22E934CA008040A0 /* libavformat.a in Frameworks */ = {isa = PBXBuildFile; fileRef = 19BF9DB522E934CA008040A0 /* libavformat.a */; };
		19BF9DBD22E934CA008040A0 /* libavutil.a in Frameworks */ = {isa = PBXBuildFile; fileRef = 19BF9DB622E934CA008040A0 /* libavutil.a */; };
		19BF9DBE22E934CA008040A0 /* libswresample.a in Frameworks */ = {isa = PBXBuildFile; fileRef = 19BF9DB722E934CA008040A0 /* libswresample.a */; };
		19BF9DBF22E934CA008040A0 /* libswscale.a in Frameworks */ = {isa = PBXBuildFile; fileRef = 19BF9DB822E934CA008040A0 /* libswscale.a */; };
		19BF9DC122E934FD008040A0 /* AVFoundation.framework in Frameworks */ = {isa = PBXBuildFile; fileRef = 19BF9DC022E934FD008040A0 /* AVFoundation.framework */; };
		19BF9DC322E99747008040A0 /* video111.mp4 in Resources */ = {isa = PBXBuildFile; fileRef = 19BF9DC222E99747008040A0 /* video111.mp4 */; };
		19C3EEBA247BAC8800FB4A24 /* videoh265.mp4 in Resources */ = {isa = PBXBuildFile; fileRef = 19C3EEB8247BAC8800FB4A24 /* videoh265.mp4 */; };
		19ED51A624765D85001D1715 /* video222.mp4 in Resources */ = {isa = PBXBuildFile; fileRef = 19ED51A524765D85001D1715 /* video222.mp4 */; };
		19F5205A22F2D34C00083D43 /* ACOpenGLRenderView.m in Sources */ = {isa = PBXBuildFile; fileRef = 19F5205922F2D34C00083D43 /* ACOpenGLRenderView.m */; };
		19F5205D22F2D40200083D43 /* ACRenderHelper.m in Sources */ = {isa = PBXBuildFile; fileRef = 19F5205C22F2D40200083D43 /* ACRenderHelper.m */; };
		1EE4BCC5FD20227ACF1219CF /* libPods-FFFFFFF.a in Frameworks */ = {isa = PBXBuildFile; fileRef = C7893FC7DA45374CF007D930 /* libPods-FFFFFFF.a */; };
/* End PBXBuildFile section */

/* Begin PBXFileReference section */
		190A023D2488A6DE003CD799 /* main.mp4 */ = {isa = PBXFileReference; lastKnownFileType = file; path = main.mp4; sourceTree = "<group>"; };
		190A02D5248A3451003CD799 /* 1591344158121590.mp4 */ = {isa = PBXFileReference; lastKnownFileType = file; path = 1591344158121590.mp4; sourceTree = "<group>"; };
		19895BEA247CEE8900123F3D /* ASValuePopUpView.h */ = {isa = PBXFileReference; fileEncoding = 4; lastKnownFileType = sourcecode.c.h; path = ASValuePopUpView.h; sourceTree = "<group>"; };
		19895BEB247CEE8900123F3D /* ASValueTrackingSlider.h */ = {isa = PBXFileReference; fileEncoding = 4; lastKnownFileType = sourcecode.c.h; path = ASValueTrackingSlider.h; sourceTree = "<group>"; };
		19895BEC247CEE8900123F3D /* ASValuePopUpView.m */ = {isa = PBXFileReference; fileEncoding = 4; lastKnownFileType = sourcecode.c.objc; path = ASValuePopUpView.m; sourceTree = "<group>"; };
		19895BED247CEE8900123F3D /* ASValueTrackingSlider.m */ = {isa = PBXFileReference; fileEncoding = 4; lastKnownFileType = sourcecode.c.objc; path = ASValueTrackingSlider.m; sourceTree = "<group>"; };
		19895BF0247E34A600123F3D /* ffmpeg.h */ = {isa = PBXFileReference; fileEncoding = 4; lastKnownFileType = sourcecode.c.h; path = ffmpeg.h; sourceTree = "<group>"; };
		19895BF1247E34A800123F3D /* ffversion.h */ = {isa = PBXFileReference; fileEncoding = 4; lastKnownFileType = sourcecode.c.h; path = ffversion.h; sourceTree = "<group>"; };
		19BF9C8622E85270008040A0 /* FFFFFFF.app */ = {isa = PBXFileReference; explicitFileType = wrapper.application; includeInIndex = 0; path = FFFFFFF.app; sourceTree = BUILT_PRODUCTS_DIR; };
		19BF9C8922E85270008040A0 /* ACAppDelegate.h */ = {isa = PBXFileReference; lastKnownFileType = sourcecode.c.h; path = ACAppDelegate.h; sourceTree = "<group>"; };
		19BF9C8A22E85270008040A0 /* ACAppDelegate.m */ = {isa = PBXFileReference; lastKnownFileType = sourcecode.c.objc; path = ACAppDelegate.m; sourceTree = "<group>"; };
		19BF9C8C22E85270008040A0 /* ACViewController.h */ = {isa = PBXFileReference; lastKnownFileType = sourcecode.c.h; path = ACViewController.h; sourceTree = "<group>"; };
		19BF9C8D22E85271008040A0 /* ACViewController.m */ = {isa = PBXFileReference; lastKnownFileType = sourcecode.c.objc; path = ACViewController.m; sourceTree = "<group>"; };
		19BF9C9022E85271008040A0 /* Base */ = {isa = PBXFileReference; lastKnownFileType = file.storyboard; name = Base; path = Base.lproj/Main.storyboard; sourceTree = "<group>"; };
		19BF9C9222E85272008040A0 /* Assets.xcassets */ = {isa = PBXFileReference; lastKnownFileType = folder.assetcatalog; path = Assets.xcassets; sourceTree = "<group>"; };
		19BF9C9522E85272008040A0 /* Base */ = {isa = PBXFileReference; lastKnownFileType = file.storyboard; name = Base; path = Base.lproj/LaunchScreen.storyboard; sourceTree = "<group>"; };
		19BF9C9722E85272008040A0 /* Info.plist */ = {isa = PBXFileReference; lastKnownFileType = text.plist.xml; path = Info.plist; sourceTree = "<group>"; };
		19BF9C9822E85272008040A0 /* main.m */ = {isa = PBXFileReference; lastKnownFileType = sourcecode.c.objc; path = main.m; sourceTree = "<group>"; };
		19BF9D2622E85411008040A0 /* ACViewModel.h */ = {isa = PBXFileReference; lastKnownFileType = sourcecode.c.h; path = ACViewModel.h; sourceTree = "<group>"; };
		19BF9D2722E85411008040A0 /* ACViewModel.m */ = {isa = PBXFileReference; lastKnownFileType = sourcecode.c.objc; path = ACViewModel.m; sourceTree = "<group>"; };
		19BF9D2A22E8553A008040A0 /* libz.tbd */ = {isa = PBXFileReference; lastKnownFileType = "sourcecode.text-based-dylib-definition"; name = libz.tbd; path = usr/lib/libz.tbd; sourceTree = SDKROOT; };
		19BF9D2C22E85551008040A0 /* libiconv.tbd */ = {isa = PBXFileReference; lastKnownFileType = "sourcecode.text-based-dylib-definition"; name = libiconv.tbd; path = usr/lib/libiconv.tbd; sourceTree = SDKROOT; };
		19BF9D2E22E8555A008040A0 /* libbz2.tbd */ = {isa = PBXFileReference; lastKnownFileType = "sourcecode.text-based-dylib-definition"; name = libbz2.tbd; path = usr/lib/libbz2.tbd; sourceTree = SDKROOT; };
		19BF9D3022E8586D008040A0 /* VideoToolbox.framework */ = {isa = PBXFileReference; lastKnownFileType = wrapper.framework; name = VideoToolbox.framework; path = System/Library/Frameworks/VideoToolbox.framework; sourceTree = SDKROOT; };
		19BF9D3222E8588C008040A0 /* CoreMedia.framework */ = {isa = PBXFileReference; lastKnownFileType = wrapper.framework; name = CoreMedia.framework; path = System/Library/Frameworks/CoreMedia.framework; sourceTree = SDKROOT; };
		19BF9D3422E858C0008040A0 /* AudioToolbox.framework */ = {isa = PBXFileReference; lastKnownFileType = wrapper.framework; name = AudioToolbox.framework; path = System/Library/Frameworks/AudioToolbox.framework; sourceTree = SDKROOT; };
		19BF9D3722E85FB4008040A0 /* video.mp4 */ = {isa = PBXFileReference; lastKnownFileType = file; path = video.mp4; sourceTree = "<group>"; };
		19BF9D3C22E934CA008040A0 /* ac3_parser.h */ = {isa = PBXFileReference; fileEncoding = 4; lastKnownFileType = sourcecode.c.h; path = ac3_parser.h; sourceTree = "<group>"; };
		19BF9D3D22E934CA008040A0 /* adts_parser.h */ = {isa = PBXFileReference; fileEncoding = 4; lastKnownFileType = sourcecode.c.h; path = adts_parser.h; sourceTree = "<group>"; };
		19BF9D3E22E934CA008040A0 /* avcodec.h */ = {isa = PBXFileReference; fileEncoding = 4; lastKnownFileType = sourcecode.c.h; path = avcodec.h; sourceTree = "<group>"; };
		19BF9D3F22E934CA008040A0 /* avdct.h */ = {isa = PBXFileReference; fileEncoding = 4; lastKnownFileType = sourcecode.c.h; path = avdct.h; sourceTree = "<group>"; };
		19BF9D4022E934CA008040A0 /* avfft.h */ = {isa = PBXFileReference; fileEncoding = 4; lastKnownFileType = sourcecode.c.h; path = avfft.h; sourceTree = "<group>"; };
		19BF9D4122E934CA008040A0 /* d3d11va.h */ = {isa = PBXFileReference; fileEncoding = 4; lastKnownFileType = sourcecode.c.h; path = d3d11va.h; sourceTree = "<group>"; };
		19BF9D4222E934CA008040A0 /* dirac.h */ = {isa = PBXFileReference; fileEncoding = 4; lastKnownFileType = sourcecode.c.h; path = dirac.h; sourceTree = "<group>"; };
		19BF9D4322E934CA008040A0 /* dv_profile.h */ = {isa = PBXFileReference; fileEncoding = 4; lastKnownFileType = sourcecode.c.h; path = dv_profile.h; sourceTree = "<group>"; };
		19BF9D4422E934CA008040A0 /* dxva2.h */ = {isa = PBXFileReference; fileEncoding = 4; lastKnownFileType = sourcecode.c.h; path = dxva2.h; sourceTree = "<group>"; };
		19BF9D4522E934CA008040A0 /* jni.h */ = {isa = PBXFileReference; fileEncoding = 4; lastKnownFileType = sourcecode.c.h; path = jni.h; sourceTree = "<group>"; };
		19BF9D4622E934CA008040A0 /* mediacodec.h */ = {isa = PBXFileReference; fileEncoding = 4; lastKnownFileType = sourcecode.c.h; path = mediacodec.h; sourceTree = "<group>"; };
		19BF9D4722E934CA008040A0 /* qsv.h */ = {isa = PBXFileReference; fileEncoding = 4; lastKnownFileType = sourcecode.c.h; path = qsv.h; sourceTree = "<group>"; };
		19BF9D4822E934CA008040A0 /* vaapi.h */ = {isa = PBXFileReference; fileEncoding = 4; lastKnownFileType = sourcecode.c.h; path = vaapi.h; sourceTree = "<group>"; };
		19BF9D4922E934CA008040A0 /* vdpau.h */ = {isa = PBXFileReference; fileEncoding = 4; lastKnownFileType = sourcecode.c.h; path = vdpau.h; sourceTree = "<group>"; };
		19BF9D4A22E934CA008040A0 /* version.h */ = {isa = PBXFileReference; fileEncoding = 4; lastKnownFileType = sourcecode.c.h; path = version.h; sourceTree = "<group>"; };
		19BF9D4B22E934CA008040A0 /* videotoolbox.h */ = {isa = PBXFileReference; fileEncoding = 4; lastKnownFileType = sourcecode.c.h; path = videotoolbox.h; sourceTree = "<group>"; };
		19BF9D4C22E934CA008040A0 /* vorbis_parser.h */ = {isa = PBXFileReference; fileEncoding = 4; lastKnownFileType = sourcecode.c.h; path = vorbis_parser.h; sourceTree = "<group>"; };
		19BF9D4D22E934CA008040A0 /* xvmc.h */ = {isa = PBXFileReference; fileEncoding = 4; lastKnownFileType = sourcecode.c.h; path = xvmc.h; sourceTree = "<group>"; };
		19BF9D4F22E934CA008040A0 /* avdevice.h */ = {isa = PBXFileReference; fileEncoding = 4; lastKnownFileType = sourcecode.c.h; path = avdevice.h; sourceTree = "<group>"; };
		19BF9D5022E934CA008040A0 /* version.h */ = {isa = PBXFileReference; fileEncoding = 4; lastKnownFileType = sourcecode.c.h; path = version.h; sourceTree = "<group>"; };
		19BF9D5222E934CA008040A0 /* avfilter.h */ = {isa = PBXFileReference; fileEncoding = 4; lastKnownFileType = sourcecode.c.h; path = avfilter.h; sourceTree = "<group>"; };
		19BF9D5322E934CA008040A0 /* buffersink.h */ = {isa = PBXFileReference; fileEncoding = 4; lastKnownFileType = sourcecode.c.h; path = buffersink.h; sourceTree = "<group>"; };
		19BF9D5422E934CA008040A0 /* buffersrc.h */ = {isa = PBXFileReference; fileEncoding = 4; lastKnownFileType = sourcecode.c.h; path = buffersrc.h; sourceTree = "<group>"; };
		19BF9D5522E934CA008040A0 /* version.h */ = {isa = PBXFileReference; fileEncoding = 4; lastKnownFileType = sourcecode.c.h; path = version.h; sourceTree = "<group>"; };
		19BF9D5722E934CA008040A0 /* avformat.h */ = {isa = PBXFileReference; fileEncoding = 4; lastKnownFileType = sourcecode.c.h; path = avformat.h; sourceTree = "<group>"; };
		19BF9D5822E934CA008040A0 /* avio.h */ = {isa = PBXFileReference; fileEncoding = 4; lastKnownFileType = sourcecode.c.h; path = avio.h; sourceTree = "<group>"; };
		19BF9D5922E934CA008040A0 /* version.h */ = {isa = PBXFileReference; fileEncoding = 4; lastKnownFileType = sourcecode.c.h; path = version.h; sourceTree = "<group>"; };
		19BF9D5B22E934CA008040A0 /* adler32.h */ = {isa = PBXFileReference; fileEncoding = 4; lastKnownFileType = sourcecode.c.h; path = adler32.h; sourceTree = "<group>"; };
		19BF9D5C22E934CA008040A0 /* aes.h */ = {isa = PBXFileReference; fileEncoding = 4; lastKnownFileType = sourcecode.c.h; path = aes.h; sourceTree = "<group>"; };
		19BF9D5D22E934CA008040A0 /* aes_ctr.h */ = {isa = PBXFileReference; fileEncoding = 4; lastKnownFileType = sourcecode.c.h; path = aes_ctr.h; sourceTree = "<group>"; };
		19BF9D5E22E934CA008040A0 /* attributes.h */ = {isa = PBXFileReference; fileEncoding = 4; lastKnownFileType = sourcecode.c.h; path = attributes.h; sourceTree = "<group>"; };
		19BF9D5F22E934CA008040A0 /* audio_fifo.h */ = {isa = PBXFileReference; fileEncoding = 4; lastKnownFileType = sourcecode.c.h; path = audio_fifo.h; sourceTree = "<group>"; };
		19BF9D6022E934CA008040A0 /* avassert.h */ = {isa = PBXFileReference; fileEncoding = 4; lastKnownFileType = sourcecode.c.h; path = avassert.h; sourceTree = "<group>"; };
		19BF9D6122E934CA008040A0 /* avconfig.h */ = {isa = PBXFileReference; fileEncoding = 4; lastKnownFileType = sourcecode.c.h; path = avconfig.h; sourceTree = "<group>"; };
		19BF9D6222E934CA008040A0 /* avstring.h */ = {isa = PBXFileReference; fileEncoding = 4; lastKnownFileType = sourcecode.c.h; path = avstring.h; sourceTree = "<group>"; };
		19BF9D6322E934CA008040A0 /* avutil.h */ = {isa = PBXFileReference; fileEncoding = 4; lastKnownFileType = sourcecode.c.h; path = avutil.h; sourceTree = "<group>"; };
		19BF9D6422E934CA008040A0 /* base64.h */ = {isa = PBXFileReference; fileEncoding = 4; lastKnownFileType = sourcecode.c.h; path = base64.h; sourceTree = "<group>"; };
		19BF9D6522E934CA008040A0 /* blowfish.h */ = {isa = PBXFileReference; fileEncoding = 4; lastKnownFileType = sourcecode.c.h; path = blowfish.h; sourceTree = "<group>"; };
		19BF9D6622E934CA008040A0 /* bprint.h */ = {isa = PBXFileReference; fileEncoding = 4; lastKnownFileType = sourcecode.c.h; path = bprint.h; sourceTree = "<group>"; };
		19BF9D6722E934CA008040A0 /* bswap.h */ = {isa = PBXFileReference; fileEncoding = 4; lastKnownFileType = sourcecode.c.h; path = bswap.h; sourceTree = "<group>"; };
		19BF9D6822E934CA008040A0 /* buffer.h */ = {isa = PBXFileReference; fileEncoding = 4; lastKnownFileType = sourcecode.c.h; path = buffer.h; sourceTree = "<group>"; };
		19BF9D6922E934CA008040A0 /* camellia.h */ = {isa = PBXFileReference; fileEncoding = 4; lastKnownFileType = sourcecode.c.h; path = camellia.h; sourceTree = "<group>"; };
		19BF9D6A22E934CA008040A0 /* cast5.h */ = {isa = PBXFileReference; fileEncoding = 4; lastKnownFileType = sourcecode.c.h; path = cast5.h; sourceTree = "<group>"; };
		19BF9D6B22E934CA008040A0 /* channel_layout.h */ = {isa = PBXFileReference; fileEncoding = 4; lastKnownFileType = sourcecode.c.h; path = channel_layout.h; sourceTree = "<group>"; };
		19BF9D6C22E934CA008040A0 /* common.h */ = {isa = PBXFileReference; fileEncoding = 4; lastKnownFileType = sourcecode.c.h; path = common.h; sourceTree = "<group>"; };
		19BF9D6D22E934CA008040A0 /* cpu.h */ = {isa = PBXFileReference; fileEncoding = 4; lastKnownFileType = sourcecode.c.h; path = cpu.h; sourceTree = "<group>"; };
		19BF9D6E22E934CA008040A0 /* crc.h */ = {isa = PBXFileReference; fileEncoding = 4; lastKnownFileType = sourcecode.c.h; path = crc.h; sourceTree = "<group>"; };
		19BF9D6F22E934CA008040A0 /* des.h */ = {isa = PBXFileReference; fileEncoding = 4; lastKnownFileType = sourcecode.c.h; path = des.h; sourceTree = "<group>"; };
		19BF9D7022E934CA008040A0 /* dict.h */ = {isa = PBXFileReference; fileEncoding = 4; lastKnownFileType = sourcecode.c.h; path = dict.h; sourceTree = "<group>"; };
		19BF9D7122E934CA008040A0 /* display.h */ = {isa = PBXFileReference; fileEncoding = 4; lastKnownFileType = sourcecode.c.h; path = display.h; sourceTree = "<group>"; };
		19BF9D7222E934CA008040A0 /* downmix_info.h */ = {isa = PBXFileReference; fileEncoding = 4; lastKnownFileType = sourcecode.c.h; path = downmix_info.h; sourceTree = "<group>"; };
		19BF9D7322E934CA008040A0 /* encryption_info.h */ = {isa = PBXFileReference; fileEncoding = 4; lastKnownFileType = sourcecode.c.h; path = encryption_info.h; sourceTree = "<group>"; };
		19BF9D7422E934CA008040A0 /* error.h */ = {isa = PBXFileReference; fileEncoding = 4; lastKnownFileType = sourcecode.c.h; path = error.h; sourceTree = "<group>"; };
		19BF9D7522E934CA008040A0 /* eval.h */ = {isa = PBXFileReference; fileEncoding = 4; lastKnownFileType = sourcecode.c.h; path = eval.h; sourceTree = "<group>"; };
		19BF9D7622E934CA008040A0 /* ffversion.h */ = {isa = PBXFileReference; fileEncoding = 4; lastKnownFileType = sourcecode.c.h; path = ffversion.h; sourceTree = "<group>"; };
		19BF9D7722E934CA008040A0 /* fifo.h */ = {isa = PBXFileReference; fileEncoding = 4; lastKnownFileType = sourcecode.c.h; path = fifo.h; sourceTree = "<group>"; };
		19BF9D7822E934CA008040A0 /* file.h */ = {isa = PBXFileReference; fileEncoding = 4; lastKnownFileType = sourcecode.c.h; path = file.h; sourceTree = "<group>"; };
		19BF9D7922E934CA008040A0 /* frame.h */ = {isa = PBXFileReference; fileEncoding = 4; lastKnownFileType = sourcecode.c.h; path = frame.h; sourceTree = "<group>"; };
		19BF9D7A22E934CA008040A0 /* hash.h */ = {isa = PBXFileReference; fileEncoding = 4; lastKnownFileType = sourcecode.c.h; path = hash.h; sourceTree = "<group>"; };
		19BF9D7B22E934CA008040A0 /* hmac.h */ = {isa = PBXFileReference; fileEncoding = 4; lastKnownFileType = sourcecode.c.h; path = hmac.h; sourceTree = "<group>"; };
		19BF9D7C22E934CA008040A0 /* hwcontext.h */ = {isa = PBXFileReference; fileEncoding = 4; lastKnownFileType = sourcecode.c.h; path = hwcontext.h; sourceTree = "<group>"; };
		19BF9D7D22E934CA008040A0 /* hwcontext_cuda.h */ = {isa = PBXFileReference; fileEncoding = 4; lastKnownFileType = sourcecode.c.h; path = hwcontext_cuda.h; sourceTree = "<group>"; };
		19BF9D7E22E934CA008040A0 /* hwcontext_d3d11va.h */ = {isa = PBXFileReference; fileEncoding = 4; lastKnownFileType = sourcecode.c.h; path = hwcontext_d3d11va.h; sourceTree = "<group>"; };
		19BF9D7F22E934CA008040A0 /* hwcontext_drm.h */ = {isa = PBXFileReference; fileEncoding = 4; lastKnownFileType = sourcecode.c.h; path = hwcontext_drm.h; sourceTree = "<group>"; };
		19BF9D8022E934CA008040A0 /* hwcontext_dxva2.h */ = {isa = PBXFileReference; fileEncoding = 4; lastKnownFileType = sourcecode.c.h; path = hwcontext_dxva2.h; sourceTree = "<group>"; };
		19BF9D8122E934CA008040A0 /* hwcontext_mediacodec.h */ = {isa = PBXFileReference; fileEncoding = 4; lastKnownFileType = sourcecode.c.h; path = hwcontext_mediacodec.h; sourceTree = "<group>"; };
		19BF9D8222E934CA008040A0 /* hwcontext_qsv.h */ = {isa = PBXFileReference; fileEncoding = 4; lastKnownFileType = sourcecode.c.h; path = hwcontext_qsv.h; sourceTree = "<group>"; };
		19BF9D8322E934CA008040A0 /* hwcontext_vaapi.h */ = {isa = PBXFileReference; fileEncoding = 4; lastKnownFileType = sourcecode.c.h; path = hwcontext_vaapi.h; sourceTree = "<group>"; };
		19BF9D8422E934CA008040A0 /* hwcontext_vdpau.h */ = {isa = PBXFileReference; fileEncoding = 4; lastKnownFileType = sourcecode.c.h; path = hwcontext_vdpau.h; sourceTree = "<group>"; };
		19BF9D8522E934CA008040A0 /* hwcontext_videotoolbox.h */ = {isa = PBXFileReference; fileEncoding = 4; lastKnownFileType = sourcecode.c.h; path = hwcontext_videotoolbox.h; sourceTree = "<group>"; };
		19BF9D8622E934CA008040A0 /* imgutils.h */ = {isa = PBXFileReference; fileEncoding = 4; lastKnownFileType = sourcecode.c.h; path = imgutils.h; sourceTree = "<group>"; };
		19BF9D8722E934CA008040A0 /* intfloat.h */ = {isa = PBXFileReference; fileEncoding = 4; lastKnownFileType = sourcecode.c.h; path = intfloat.h; sourceTree = "<group>"; };
		19BF9D8822E934CA008040A0 /* intreadwrite.h */ = {isa = PBXFileReference; fileEncoding = 4; lastKnownFileType = sourcecode.c.h; path = intreadwrite.h; sourceTree = "<group>"; };
		19BF9D8922E934CA008040A0 /* lfg.h */ = {isa = PBXFileReference; fileEncoding = 4; lastKnownFileType = sourcecode.c.h; path = lfg.h; sourceTree = "<group>"; };
		19BF9D8A22E934CA008040A0 /* log.h */ = {isa = PBXFileReference; fileEncoding = 4; lastKnownFileType = sourcecode.c.h; path = log.h; sourceTree = "<group>"; };
		19BF9D8B22E934CA008040A0 /* lzo.h */ = {isa = PBXFileReference; fileEncoding = 4; lastKnownFileType = sourcecode.c.h; path = lzo.h; sourceTree = "<group>"; };
		19BF9D8C22E934CA008040A0 /* macros.h */ = {isa = PBXFileReference; fileEncoding = 4; lastKnownFileType = sourcecode.c.h; path = macros.h; sourceTree = "<group>"; };
		19BF9D8D22E934CA008040A0 /* mastering_display_metadata.h */ = {isa = PBXFileReference; fileEncoding = 4; lastKnownFileType = sourcecode.c.h; path = mastering_display_metadata.h; sourceTree = "<group>"; };
		19BF9D8E22E934CA008040A0 /* mathematics.h */ = {isa = PBXFileReference; fileEncoding = 4; lastKnownFileType = sourcecode.c.h; path = mathematics.h; sourceTree = "<group>"; };
		19BF9D8F22E934CA008040A0 /* md5.h */ = {isa = PBXFileReference; fileEncoding = 4; lastKnownFileType = sourcecode.c.h; path = md5.h; sourceTree = "<group>"; };
		19BF9D9022E934CA008040A0 /* mem.h */ = {isa = PBXFileReference; fileEncoding = 4; lastKnownFileType = sourcecode.c.h; path = mem.h; sourceTree = "<group>"; };
		19BF9D9122E934CA008040A0 /* motion_vector.h */ = {isa = PBXFileReference; fileEncoding = 4; lastKnownFileType = sourcecode.c.h; path = motion_vector.h; sourceTree = "<group>"; };
		19BF9D9222E934CA008040A0 /* murmur3.h */ = {isa = PBXFileReference; fileEncoding = 4; lastKnownFileType = sourcecode.c.h; path = murmur3.h; sourceTree = "<group>"; };
		19BF9D9322E934CA008040A0 /* opt.h */ = {isa = PBXFileReference; fileEncoding = 4; lastKnownFileType = sourcecode.c.h; path = opt.h; sourceTree = "<group>"; };
		19BF9D9422E934CA008040A0 /* parseutils.h */ = {isa = PBXFileReference; fileEncoding = 4; lastKnownFileType = sourcecode.c.h; path = parseutils.h; sourceTree = "<group>"; };
		19BF9D9522E934CA008040A0 /* pixdesc.h */ = {isa = PBXFileReference; fileEncoding = 4; lastKnownFileType = sourcecode.c.h; path = pixdesc.h; sourceTree = "<group>"; };
		19BF9D9622E934CA008040A0 /* pixelutils.h */ = {isa = PBXFileReference; fileEncoding = 4; lastKnownFileType = sourcecode.c.h; path = pixelutils.h; sourceTree = "<group>"; };
		19BF9D9722E934CA008040A0 /* pixfmt.h */ = {isa = PBXFileReference; fileEncoding = 4; lastKnownFileType = sourcecode.c.h; path = pixfmt.h; sourceTree = "<group>"; };
		19BF9D9822E934CA008040A0 /* random_seed.h */ = {isa = PBXFileReference; fileEncoding = 4; lastKnownFileType = sourcecode.c.h; path = random_seed.h; sourceTree = "<group>"; };
		19BF9D9922E934CA008040A0 /* rational.h */ = {isa = PBXFileReference; fileEncoding = 4; lastKnownFileType = sourcecode.c.h; path = rational.h; sourceTree = "<group>"; };
		19BF9D9A22E934CA008040A0 /* rc4.h */ = {isa = PBXFileReference; fileEncoding = 4; lastKnownFileType = sourcecode.c.h; path = rc4.h; sourceTree = "<group>"; };
		19BF9D9B22E934CA008040A0 /* replaygain.h */ = {isa = PBXFileReference; fileEncoding = 4; lastKnownFileType = sourcecode.c.h; path = replaygain.h; sourceTree = "<group>"; };
		19BF9D9C22E934CA008040A0 /* ripemd.h */ = {isa = PBXFileReference; fileEncoding = 4; lastKnownFileType = sourcecode.c.h; path = ripemd.h; sourceTree = "<group>"; };
		19BF9D9D22E934CA008040A0 /* samplefmt.h */ = {isa = PBXFileReference; fileEncoding = 4; lastKnownFileType = sourcecode.c.h; path = samplefmt.h; sourceTree = "<group>"; };
		19BF9D9E22E934CA008040A0 /* sha.h */ = {isa = PBXFileReference; fileEncoding = 4; lastKnownFileType = sourcecode.c.h; path = sha.h; sourceTree = "<group>"; };
		19BF9D9F22E934CA008040A0 /* sha512.h */ = {isa = PBXFileReference; fileEncoding = 4; lastKnownFileType = sourcecode.c.h; path = sha512.h; sourceTree = "<group>"; };
		19BF9DA022E934CA008040A0 /* spherical.h */ = {isa = PBXFileReference; fileEncoding = 4; lastKnownFileType = sourcecode.c.h; path = spherical.h; sourceTree = "<group>"; };
		19BF9DA122E934CA008040A0 /* stereo3d.h */ = {isa = PBXFileReference; fileEncoding = 4; lastKnownFileType = sourcecode.c.h; path = stereo3d.h; sourceTree = "<group>"; };
		19BF9DA222E934CA008040A0 /* tea.h */ = {isa = PBXFileReference; fileEncoding = 4; lastKnownFileType = sourcecode.c.h; path = tea.h; sourceTree = "<group>"; };
		19BF9DA322E934CA008040A0 /* threadmessage.h */ = {isa = PBXFileReference; fileEncoding = 4; lastKnownFileType = sourcecode.c.h; path = threadmessage.h; sourceTree = "<group>"; };
		19BF9DA422E934CA008040A0 /* time.h */ = {isa = PBXFileReference; fileEncoding = 4; lastKnownFileType = sourcecode.c.h; path = time.h; sourceTree = "<group>"; };
		19BF9DA522E934CA008040A0 /* timecode.h */ = {isa = PBXFileReference; fileEncoding = 4; lastKnownFileType = sourcecode.c.h; path = timecode.h; sourceTree = "<group>"; };
		19BF9DA622E934CA008040A0 /* timestamp.h */ = {isa = PBXFileReference; fileEncoding = 4; lastKnownFileType = sourcecode.c.h; path = timestamp.h; sourceTree = "<group>"; };
		19BF9DA722E934CA008040A0 /* tree.h */ = {isa = PBXFileReference; fileEncoding = 4; lastKnownFileType = sourcecode.c.h; path = tree.h; sourceTree = "<group>"; };
		19BF9DA822E934CA008040A0 /* twofish.h */ = {isa = PBXFileReference; fileEncoding = 4; lastKnownFileType = sourcecode.c.h; path = twofish.h; sourceTree = "<group>"; };
		19BF9DA922E934CA008040A0 /* version.h */ = {isa = PBXFileReference; fileEncoding = 4; lastKnownFileType = sourcecode.c.h; path = version.h; sourceTree = "<group>"; };
		19BF9DAA22E934CA008040A0 /* xtea.h */ = {isa = PBXFileReference; fileEncoding = 4; lastKnownFileType = sourcecode.c.h; path = xtea.h; sourceTree = "<group>"; };
		19BF9DAC22E934CA008040A0 /* swresample.h */ = {isa = PBXFileReference; fileEncoding = 4; lastKnownFileType = sourcecode.c.h; path = swresample.h; sourceTree = "<group>"; };
		19BF9DAD22E934CA008040A0 /* version.h */ = {isa = PBXFileReference; fileEncoding = 4; lastKnownFileType = sourcecode.c.h; path = version.h; sourceTree = "<group>"; };
		19BF9DAF22E934CA008040A0 /* swscale.h */ = {isa = PBXFileReference; fileEncoding = 4; lastKnownFileType = sourcecode.c.h; path = swscale.h; sourceTree = "<group>"; };
		19BF9DB022E934CA008040A0 /* version.h */ = {isa = PBXFileReference; fileEncoding = 4; lastKnownFileType = sourcecode.c.h; path = version.h; sourceTree = "<group>"; };
		19BF9DB222E934CA008040A0 /* libavcodec.a */ = {isa = PBXFileReference; lastKnownFileType = archive.ar; path = libavcodec.a; sourceTree = "<group>"; };
		19BF9DB322E934CA008040A0 /* libavdevice.a */ = {isa = PBXFileReference; lastKnownFileType = archive.ar; path = libavdevice.a; sourceTree = "<group>"; };
		19BF9DB422E934CA008040A0 /* libavfilter.a */ = {isa = PBXFileReference; lastKnownFileType = archive.ar; path = libavfilter.a; sourceTree = "<group>"; };
		19BF9DB522E934CA008040A0 /* libavformat.a */ = {isa = PBXFileReference; lastKnownFileType = archive.ar; path = libavformat.a; sourceTree = "<group>"; };
		19BF9DB622E934CA008040A0 /* libavutil.a */ = {isa = PBXFileReference; lastKnownFileType = archive.ar; path = libavutil.a; sourceTree = "<group>"; };
		19BF9DB722E934CA008040A0 /* libswresample.a */ = {isa = PBXFileReference; lastKnownFileType = archive.ar; path = libswresample.a; sourceTree = "<group>"; };
		19BF9DB822E934CA008040A0 /* libswscale.a */ = {isa = PBXFileReference; lastKnownFileType = archive.ar; path = libswscale.a; sourceTree = "<group>"; };
		19BF9DC022E934FD008040A0 /* AVFoundation.framework */ = {isa = PBXFileReference; lastKnownFileType = wrapper.framework; name = AVFoundation.framework; path = System/Library/Frameworks/AVFoundation.framework; sourceTree = SDKROOT; };
		19BF9DC222E99747008040A0 /* video111.mp4 */ = {isa = PBXFileReference; lastKnownFileType = file; path = video111.mp4; sourceTree = "<group>"; };
		19C3EEB8247BAC8800FB4A24 /* videoh265.mp4 */ = {isa = PBXFileReference; lastKnownFileType = file; path = videoh265.mp4; sourceTree = "<group>"; };
		19ED51A524765D85001D1715 /* video222.mp4 */ = {isa = PBXFileReference; lastKnownFileType = file; path = video222.mp4; sourceTree = "<group>"; };
		19F5205822F2D34C00083D43 /* ACOpenGLRenderView.h */ = {isa = PBXFileReference; lastKnownFileType = sourcecode.c.h; path = ACOpenGLRenderView.h; sourceTree = "<group>"; };
		19F5205922F2D34C00083D43 /* ACOpenGLRenderView.m */ = {isa = PBXFileReference; lastKnownFileType = sourcecode.c.objc; path = ACOpenGLRenderView.m; sourceTree = "<group>"; };
		19F5205B22F2D40200083D43 /* ACRenderHelper.h */ = {isa = PBXFileReference; lastKnownFileType = sourcecode.c.h; path = ACRenderHelper.h; sourceTree = "<group>"; };
		19F5205C22F2D40200083D43 /* ACRenderHelper.m */ = {isa = PBXFileReference; lastKnownFileType = sourcecode.c.objc; path = ACRenderHelper.m; sourceTree = "<group>"; };
		35021FF19CB7A0FBEC67E1B4 /* Pods-FFFFFFF.release.xcconfig */ = {isa = PBXFileReference; includeInIndex = 1; lastKnownFileType = text.xcconfig; name = "Pods-FFFFFFF.release.xcconfig"; path = "Pods/Target Support Files/Pods-FFFFFFF/Pods-FFFFFFF.release.xcconfig"; sourceTree = "<group>"; };
		BA9651253C4BEAD8ABBE3263 /* Pods-FFFFFFF.debug.xcconfig */ = {isa = PBXFileReference; includeInIndex = 1; lastKnownFileType = text.xcconfig; name = "Pods-FFFFFFF.debug.xcconfig"; path = "Pods/Target Support Files/Pods-FFFFFFF/Pods-FFFFFFF.debug.xcconfig"; sourceTree = "<group>"; };
		C7893FC7DA45374CF007D930 /* libPods-FFFFFFF.a */ = {isa = PBXFileReference; explicitFileType = archive.ar; includeInIndex = 0; path = "libPods-FFFFFFF.a"; sourceTree = BUILT_PRODUCTS_DIR; };
/* End PBXFileReference section */

/* Begin PBXFrameworksBuildPhase section */
		19BF9C8322E85270008040A0 /* Frameworks */ = {
			isa = PBXFrameworksBuildPhase;
			buildActionMask = 2147483647;
			files = (
				19BF9DC122E934FD008040A0 /* AVFoundation.framework in Frameworks */,
				19BF9DBE22E934CA008040A0 /* libswresample.a in Frameworks */,
				19BF9D3522E858C0008040A0 /* AudioToolbox.framework in Frameworks */,
				19BF9D3322E8588C008040A0 /* CoreMedia.framework in Frameworks */,
				19BF9DBC22E934CA008040A0 /* libavformat.a in Frameworks */,
				19BF9D3122E8586D008040A0 /* VideoToolbox.framework in Frameworks */,
				19BF9D2F22E8555A008040A0 /* libbz2.tbd in Frameworks */,
				19BF9DBA22E934CA008040A0 /* libavdevice.a in Frameworks */,
				19BF9DBD22E934CA008040A0 /* libavutil.a in Frameworks */,
				19BF9DBF22E934CA008040A0 /* libswscale.a in Frameworks */,
				19BF9D2D22E85551008040A0 /* libiconv.tbd in Frameworks */,
				19BF9DBB22E934CA008040A0 /* libavfilter.a in Frameworks */,
				19BF9D2B22E8553A008040A0 /* libz.tbd in Frameworks */,
				1EE4BCC5FD20227ACF1219CF /* libPods-FFFFFFF.a in Frameworks */,
				19BF9DB922E934CA008040A0 /* libavcodec.a in Frameworks */,
			);
			runOnlyForDeploymentPostprocessing = 0;
		};
/* End PBXFrameworksBuildPhase section */

/* Begin PBXGroup section */
		19895BE9247CEE8900123F3D /* ASValueTrackingSlider */ = {
			isa = PBXGroup;
			children = (
				19895BEA247CEE8900123F3D /* ASValuePopUpView.h */,
				19895BEB247CEE8900123F3D /* ASValueTrackingSlider.h */,
				19895BEC247CEE8900123F3D /* ASValuePopUpView.m */,
				19895BED247CEE8900123F3D /* ASValueTrackingSlider.m */,
			);
			path = ASValueTrackingSlider;
			sourceTree = "<group>";
		};
		19BF9C7D22E85270008040A0 = {
			isa = PBXGroup;
			children = (
				19BF9C8822E85270008040A0 /* FFFFFFF */,
				19BF9C8722E85270008040A0 /* Products */,
				19BF9D2922E8553A008040A0 /* Frameworks */,
				3BC203A98577C365F26A7859 /* Pods */,
			);
			sourceTree = "<group>";
		};
		19BF9C8722E85270008040A0 /* Products */ = {
			isa = PBXGroup;
			children = (
				19BF9C8622E85270008040A0 /* FFFFFFF.app */,
			);
			name = Products;
			sourceTree = "<group>";
		};
		19BF9C8822E85270008040A0 /* FFFFFFF */ = {
			isa = PBXGroup;
			children = (
				190A02D5248A3451003CD799 /* 1591344158121590.mp4 */,
				190A023D2488A6DE003CD799 /* main.mp4 */,
				19ED51A524765D85001D1715 /* video222.mp4 */,
				19BF9DC222E99747008040A0 /* video111.mp4 */,
				19C3EEB8247BAC8800FB4A24 /* videoh265.mp4 */,
				19BF9D3722E85FB4008040A0 /* video.mp4 */,
				19BF9D3922E934CA008040A0 /* FFmpeg-iOS */,
				19895BE9247CEE8900123F3D /* ASValueTrackingSlider */,
				19BF9C8922E85270008040A0 /* ACAppDelegate.h */,
				19BF9C8A22E85270008040A0 /* ACAppDelegate.m */,
				19BF9C8C22E85270008040A0 /* ACViewController.h */,
				19BF9C8D22E85271008040A0 /* ACViewController.m */,
				19BF9D2622E85411008040A0 /* ACViewModel.h */,
				19BF9D2722E85411008040A0 /* ACViewModel.m */,
				19F5205822F2D34C00083D43 /* ACOpenGLRenderView.h */,
				19F5205922F2D34C00083D43 /* ACOpenGLRenderView.m */,
				19F5205B22F2D40200083D43 /* ACRenderHelper.h */,
				19F5205C22F2D40200083D43 /* ACRenderHelper.m */,
				19BF9C8F22E85271008040A0 /* Main.storyboard */,
				19BF9C9222E85272008040A0 /* Assets.xcassets */,
				19BF9C9422E85272008040A0 /* LaunchScreen.storyboard */,
				19BF9C9722E85272008040A0 /* Info.plist */,
				19BF9C9822E85272008040A0 /* main.m */,
			);
			path = FFFFFFF;
			sourceTree = "<group>";
		};
		19BF9D2922E8553A008040A0 /* Frameworks */ = {
			isa = PBXGroup;
			children = (
				19BF9DC022E934FD008040A0 /* AVFoundation.framework */,
				19BF9D3422E858C0008040A0 /* AudioToolbox.framework */,
				19BF9D3222E8588C008040A0 /* CoreMedia.framework */,
				19BF9D3022E8586D008040A0 /* VideoToolbox.framework */,
				19BF9D2E22E8555A008040A0 /* libbz2.tbd */,
				19BF9D2C22E85551008040A0 /* libiconv.tbd */,
				19BF9D2A22E8553A008040A0 /* libz.tbd */,
				C7893FC7DA45374CF007D930 /* libPods-FFFFFFF.a */,
			);
			name = Frameworks;
			sourceTree = "<group>";
		};
		19BF9D3922E934CA008040A0 /* FFmpeg-iOS */ = {
			isa = PBXGroup;
			children = (
				19BF9D3A22E934CA008040A0 /* include */,
				19BF9DB122E934CA008040A0 /* lib */,
			);
			path = "FFmpeg-iOS";
			sourceTree = "<group>";
		};
		19BF9D3A22E934CA008040A0 /* include */ = {
			isa = PBXGroup;
			children = (
				19895BF0247E34A600123F3D /* ffmpeg.h */,
				19895BF1247E34A800123F3D /* ffversion.h */,
				19BF9D3B22E934CA008040A0 /* libavcodec */,
				19BF9D4E22E934CA008040A0 /* libavdevice */,
				19BF9D5122E934CA008040A0 /* libavfilter */,
				19BF9D5622E934CA008040A0 /* libavformat */,
				19BF9D5A22E934CA008040A0 /* libavutil */,
				19BF9DAB22E934CA008040A0 /* libswresample */,
				19BF9DAE22E934CA008040A0 /* libswscale */,
			);
			path = include;
			sourceTree = "<group>";
		};
		19BF9D3B22E934CA008040A0 /* libavcodec */ = {
			isa = PBXGroup;
			children = (
				19BF9D3C22E934CA008040A0 /* ac3_parser.h */,
				19BF9D3D22E934CA008040A0 /* adts_parser.h */,
				19BF9D3E22E934CA008040A0 /* avcodec.h */,
				19BF9D3F22E934CA008040A0 /* avdct.h */,
				19BF9D4022E934CA008040A0 /* avfft.h */,
				19BF9D4122E934CA008040A0 /* d3d11va.h */,
				19BF9D4222E934CA008040A0 /* dirac.h */,
				19BF9D4322E934CA008040A0 /* dv_profile.h */,
				19BF9D4422E934CA008040A0 /* dxva2.h */,
				19BF9D4522E934CA008040A0 /* jni.h */,
				19BF9D4622E934CA008040A0 /* mediacodec.h */,
				19BF9D4722E934CA008040A0 /* qsv.h */,
				19BF9D4822E934CA008040A0 /* vaapi.h */,
				19BF9D4922E934CA008040A0 /* vdpau.h */,
				19BF9D4A22E934CA008040A0 /* version.h */,
				19BF9D4B22E934CA008040A0 /* videotoolbox.h */,
				19BF9D4C22E934CA008040A0 /* vorbis_parser.h */,
				19BF9D4D22E934CA008040A0 /* xvmc.h */,
			);
			path = libavcodec;
			sourceTree = "<group>";
		};
		19BF9D4E22E934CA008040A0 /* libavdevice */ = {
			isa = PBXGroup;
			children = (
				19BF9D4F22E934CA008040A0 /* avdevice.h */,
				19BF9D5022E934CA008040A0 /* version.h */,
			);
			path = libavdevice;
			sourceTree = "<group>";
		};
		19BF9D5122E934CA008040A0 /* libavfilter */ = {
			isa = PBXGroup;
			children = (
				19BF9D5222E934CA008040A0 /* avfilter.h */,
				19BF9D5322E934CA008040A0 /* buffersink.h */,
				19BF9D5422E934CA008040A0 /* buffersrc.h */,
				19BF9D5522E934CA008040A0 /* version.h */,
			);
			path = libavfilter;
			sourceTree = "<group>";
		};
		19BF9D5622E934CA008040A0 /* libavformat */ = {
			isa = PBXGroup;
			children = (
				19BF9D5722E934CA008040A0 /* avformat.h */,
				19BF9D5822E934CA008040A0 /* avio.h */,
				19BF9D5922E934CA008040A0 /* version.h */,
			);
			path = libavformat;
			sourceTree = "<group>";
		};
		19BF9D5A22E934CA008040A0 /* libavutil */ = {
			isa = PBXGroup;
			children = (
				19BF9D5B22E934CA008040A0 /* adler32.h */,
				19BF9D5C22E934CA008040A0 /* aes.h */,
				19BF9D5D22E934CA008040A0 /* aes_ctr.h */,
				19BF9D5E22E934CA008040A0 /* attributes.h */,
				19BF9D5F22E934CA008040A0 /* audio_fifo.h */,
				19BF9D6022E934CA008040A0 /* avassert.h */,
				19BF9D6122E934CA008040A0 /* avconfig.h */,
				19BF9D6222E934CA008040A0 /* avstring.h */,
				19BF9D6322E934CA008040A0 /* avutil.h */,
				19BF9D6422E934CA008040A0 /* base64.h */,
				19BF9D6522E934CA008040A0 /* blowfish.h */,
				19BF9D6622E934CA008040A0 /* bprint.h */,
				19BF9D6722E934CA008040A0 /* bswap.h */,
				19BF9D6822E934CA008040A0 /* buffer.h */,
				19BF9D6922E934CA008040A0 /* camellia.h */,
				19BF9D6A22E934CA008040A0 /* cast5.h */,
				19BF9D6B22E934CA008040A0 /* channel_layout.h */,
				19BF9D6C22E934CA008040A0 /* common.h */,
				19BF9D6D22E934CA008040A0 /* cpu.h */,
				19BF9D6E22E934CA008040A0 /* crc.h */,
				19BF9D6F22E934CA008040A0 /* des.h */,
				19BF9D7022E934CA008040A0 /* dict.h */,
				19BF9D7122E934CA008040A0 /* display.h */,
				19BF9D7222E934CA008040A0 /* downmix_info.h */,
				19BF9D7322E934CA008040A0 /* encryption_info.h */,
				19BF9D7422E934CA008040A0 /* error.h */,
				19BF9D7522E934CA008040A0 /* eval.h */,
				19BF9D7622E934CA008040A0 /* ffversion.h */,
				19BF9D7722E934CA008040A0 /* fifo.h */,
				19BF9D7822E934CA008040A0 /* file.h */,
				19BF9D7922E934CA008040A0 /* frame.h */,
				19BF9D7A22E934CA008040A0 /* hash.h */,
				19BF9D7B22E934CA008040A0 /* hmac.h */,
				19BF9D7C22E934CA008040A0 /* hwcontext.h */,
				19BF9D7D22E934CA008040A0 /* hwcontext_cuda.h */,
				19BF9D7E22E934CA008040A0 /* hwcontext_d3d11va.h */,
				19BF9D7F22E934CA008040A0 /* hwcontext_drm.h */,
				19BF9D8022E934CA008040A0 /* hwcontext_dxva2.h */,
				19BF9D8122E934CA008040A0 /* hwcontext_mediacodec.h */,
				19BF9D8222E934CA008040A0 /* hwcontext_qsv.h */,
				19BF9D8322E934CA008040A0 /* hwcontext_vaapi.h */,
				19BF9D8422E934CA008040A0 /* hwcontext_vdpau.h */,
				19BF9D8522E934CA008040A0 /* hwcontext_videotoolbox.h */,
				19BF9D8622E934CA008040A0 /* imgutils.h */,
				19BF9D8722E934CA008040A0 /* intfloat.h */,
				19BF9D8822E934CA008040A0 /* intreadwrite.h */,
				19BF9D8922E934CA008040A0 /* lfg.h */,
				19BF9D8A22E934CA008040A0 /* log.h */,
				19BF9D8B22E934CA008040A0 /* lzo.h */,
				19BF9D8C22E934CA008040A0 /* macros.h */,
				19BF9D8D22E934CA008040A0 /* mastering_display_metadata.h */,
				19BF9D8E22E934CA008040A0 /* mathematics.h */,
				19BF9D8F22E934CA008040A0 /* md5.h */,
				19BF9D9022E934CA008040A0 /* mem.h */,
				19BF9D9122E934CA008040A0 /* motion_vector.h */,
				19BF9D9222E934CA008040A0 /* murmur3.h */,
				19BF9D9322E934CA008040A0 /* opt.h */,
				19BF9D9422E934CA008040A0 /* parseutils.h */,
				19BF9D9522E934CA008040A0 /* pixdesc.h */,
				19BF9D9622E934CA008040A0 /* pixelutils.h */,
				19BF9D9722E934CA008040A0 /* pixfmt.h */,
				19BF9D9822E934CA008040A0 /* random_seed.h */,
				19BF9D9922E934CA008040A0 /* rational.h */,
				19BF9D9A22E934CA008040A0 /* rc4.h */,
				19BF9D9B22E934CA008040A0 /* replaygain.h */,
				19BF9D9C22E934CA008040A0 /* ripemd.h */,
				19BF9D9D22E934CA008040A0 /* samplefmt.h */,
				19BF9D9E22E934CA008040A0 /* sha.h */,
				19BF9D9F22E934CA008040A0 /* sha512.h */,
				19BF9DA022E934CA008040A0 /* spherical.h */,
				19BF9DA122E934CA008040A0 /* stereo3d.h */,
				19BF9DA222E934CA008040A0 /* tea.h */,
				19BF9DA322E934CA008040A0 /* threadmessage.h */,
				19BF9DA422E934CA008040A0 /* time.h */,
				19BF9DA522E934CA008040A0 /* timecode.h */,
				19BF9DA622E934CA008040A0 /* timestamp.h */,
				19BF9DA722E934CA008040A0 /* tree.h */,
				19BF9DA822E934CA008040A0 /* twofish.h */,
				19BF9DA922E934CA008040A0 /* version.h */,
				19BF9DAA22E934CA008040A0 /* xtea.h */,
			);
			path = libavutil;
			sourceTree = "<group>";
		};
		19BF9DAB22E934CA008040A0 /* libswresample */ = {
			isa = PBXGroup;
			children = (
				19BF9DAC22E934CA008040A0 /* swresample.h */,
				19BF9DAD22E934CA008040A0 /* version.h */,
			);
			path = libswresample;
			sourceTree = "<group>";
		};
		19BF9DAE22E934CA008040A0 /* libswscale */ = {
			isa = PBXGroup;
			children = (
				19BF9DAF22E934CA008040A0 /* swscale.h */,
				19BF9DB022E934CA008040A0 /* version.h */,
			);
			path = libswscale;
			sourceTree = "<group>";
		};
		19BF9DB122E934CA008040A0 /* lib */ = {
			isa = PBXGroup;
			children = (
				19BF9DB222E934CA008040A0 /* libavcodec.a */,
				19BF9DB322E934CA008040A0 /* libavdevice.a */,
				19BF9DB422E934CA008040A0 /* libavfilter.a */,
				19BF9DB522E934CA008040A0 /* libavformat.a */,
				19BF9DB622E934CA008040A0 /* libavutil.a */,
				19BF9DB722E934CA008040A0 /* libswresample.a */,
				19BF9DB822E934CA008040A0 /* libswscale.a */,
			);
			path = lib;
			sourceTree = "<group>";
		};
		3BC203A98577C365F26A7859 /* Pods */ = {
			isa = PBXGroup;
			children = (
				BA9651253C4BEAD8ABBE3263 /* Pods-FFFFFFF.debug.xcconfig */,
				35021FF19CB7A0FBEC67E1B4 /* Pods-FFFFFFF.release.xcconfig */,
			);
			name = Pods;
			sourceTree = "<group>";
		};
/* End PBXGroup section */

/* Begin PBXNativeTarget section */
		19BF9C8522E85270008040A0 /* FFFFFFF */ = {
			isa = PBXNativeTarget;
			buildConfigurationList = 19BF9C9C22E85272008040A0 /* Build configuration list for PBXNativeTarget "FFFFFFF" */;
			buildPhases = (
				BEFE4EAD6DE654C9784BC5FE /* [CP] Check Pods Manifest.lock */,
				19BF9C8222E85270008040A0 /* Sources */,
				19BF9C8322E85270008040A0 /* Frameworks */,
				19BF9C8422E85270008040A0 /* Resources */,
			);
			buildRules = (
			);
			dependencies = (
			);
			name = FFFFFFF;
			productName = FFFFFFF;
			productReference = 19BF9C8622E85270008040A0 /* FFFFFFF.app */;
			productType = "com.apple.product-type.application";
		};
/* End PBXNativeTarget section */

/* Begin PBXProject section */
		19BF9C7E22E85270008040A0 /* Project object */ = {
			isa = PBXProject;
			attributes = {
				LastUpgradeCheck = 1010;
				ORGANIZATIONNAME = AlexCorleone;
				TargetAttributes = {
					19BF9C8522E85270008040A0 = {
						CreatedOnToolsVersion = 10.1;
					};
				};
			};
			buildConfigurationList = 19BF9C8122E85270008040A0 /* Build configuration list for PBXProject "FFFFFFF" */;
			compatibilityVersion = "Xcode 9.3";
			developmentRegion = en;
			hasScannedForEncodings = 0;
			knownRegions = (
				en,
				Base,
			);
			mainGroup = 19BF9C7D22E85270008040A0;
			productRefGroup = 19BF9C8722E85270008040A0 /* Products */;
			projectDirPath = "";
			projectRoot = "";
			targets = (
				19BF9C8522E85270008040A0 /* FFFFFFF */,
			);
		};
/* End PBXProject section */

/* Begin PBXResourcesBuildPhase section */
		19BF9C8422E85270008040A0 /* Resources */ = {
			isa = PBXResourcesBuildPhase;
			buildActionMask = 2147483647;
			files = (
				19BF9DC322E99747008040A0 /* video111.mp4 in Resources */,
				19BF9C9622E85272008040A0 /* LaunchScreen.storyboard in Resources */,
				19BF9C9322E85272008040A0 /* Assets.xcassets in Resources */,
				190A02D6248A3452003CD799 /* 1591344158121590.mp4 in Resources */,
				19BF9C9122E85271008040A0 /* Main.storyboard in Resources */,
				190A023E2488A6DF003CD799 /* main.mp4 in Resources */,
				19C3EEBA247BAC8800FB4A24 /* videoh265.mp4 in Resources */,
				19ED51A624765D85001D1715 /* video222.mp4 in Resources */,
				19BF9D3822E85FB4008040A0 /* video.mp4 in Resources */,
			);
			runOnlyForDeploymentPostprocessing = 0;
		};
/* End PBXResourcesBuildPhase section */

/* Begin PBXShellScriptBuildPhase section */
		BEFE4EAD6DE654C9784BC5FE /* [CP] Check Pods Manifest.lock */ = {
			isa = PBXShellScriptBuildPhase;
			buildActionMask = 2147483647;
			files = (
			);
			inputFileListPaths = (
			);
			inputPaths = (
				"${PODS_PODFILE_DIR_PATH}/Podfile.lock",
				"${PODS_ROOT}/Manifest.lock",
			);
			name = "[CP] Check Pods Manifest.lock";
			outputFileListPaths = (
			);
			outputPaths = (
				"$(DERIVED_FILE_DIR)/Pods-FFFFFFF-checkManifestLockResult.txt",
			);
			runOnlyForDeploymentPostprocessing = 0;
			shellPath = /bin/sh;
			shellScript = "diff \"${PODS_PODFILE_DIR_PATH}/Podfile.lock\" \"${PODS_ROOT}/Manifest.lock\" > /dev/null\nif [ $? != 0 ] ; then\n    # print error to STDERR\n    echo \"error: The sandbox is not in sync with the Podfile.lock. Run 'pod install' or update your CocoaPods installation.\" >&2\n    exit 1\nfi\n# This output is used by Xcode 'outputs' to avoid re-running this script phase.\necho \"SUCCESS\" > \"${SCRIPT_OUTPUT_FILE_0}\"\n";
			showEnvVarsInLog = 0;
		};
/* End PBXShellScriptBuildPhase section */

/* Begin PBXSourcesBuildPhase section */
		19BF9C8222E85270008040A0 /* Sources */ = {
			isa = PBXSourcesBuildPhase;
			buildActionMask = 2147483647;
			files = (
				19BF9D2822E85411008040A0 /* ACViewModel.m in Sources */,
				19895BEF247CEE8900123F3D /* ASValueTrackingSlider.m in Sources */,
				19BF9C8E22E85271008040A0 /* ACViewController.m in Sources */,
				19F5205A22F2D34C00083D43 /* ACOpenGLRenderView.m in Sources */,
				19F5205D22F2D40200083D43 /* ACRenderHelper.m in Sources */,
				19895BEE247CEE8900123F3D /* ASValuePopUpView.m in Sources */,
				19BF9C9922E85272008040A0 /* main.m in Sources */,
				19BF9C8B22E85270008040A0 /* ACAppDelegate.m in Sources */,
			);
			runOnlyForDeploymentPostprocessing = 0;
		};
/* End PBXSourcesBuildPhase section */

/* Begin PBXVariantGroup section */
		19BF9C8F22E85271008040A0 /* Main.storyboard */ = {
			isa = PBXVariantGroup;
			children = (
				19BF9C9022E85271008040A0 /* Base */,
			);
			name = Main.storyboard;
			sourceTree = "<group>";
		};
		19BF9C9422E85272008040A0 /* LaunchScreen.storyboard */ = {
			isa = PBXVariantGroup;
			children = (
				19BF9C9522E85272008040A0 /* Base */,
			);
			name = LaunchScreen.storyboard;
			sourceTree = "<group>";
		};
/* End PBXVariantGroup section */

/* Begin XCBuildConfiguration section */
		19BF9C9A22E85272008040A0 /* Debug */ = {
			isa = XCBuildConfiguration;
			buildSettings = {
				ALWAYS_SEARCH_USER_PATHS = NO;
				CLANG_ANALYZER_NONNULL = YES;
				CLANG_ANALYZER_NUMBER_OBJECT_CONVERSION = YES_AGGRESSIVE;
				CLANG_CXX_LANGUAGE_STANDARD = "gnu++14";
				CLANG_CXX_LIBRARY = "libc++";
				CLANG_ENABLE_MODULES = YES;
				CLANG_ENABLE_OBJC_ARC = YES;
				CLANG_ENABLE_OBJC_WEAK = YES;
				CLANG_WARN_BLOCK_CAPTURE_AUTORELEASING = YES;
				CLANG_WARN_BOOL_CONVERSION = YES;
				CLANG_WARN_COMMA = YES;
				CLANG_WARN_CONSTANT_CONVERSION = YES;
				CLANG_WARN_DEPRECATED_OBJC_IMPLEMENTATIONS = YES;
				CLANG_WARN_DIRECT_OBJC_ISA_USAGE = YES_ERROR;
				CLANG_WARN_DOCUMENTATION_COMMENTS = YES;
				CLANG_WARN_EMPTY_BODY = YES;
				CLANG_WARN_ENUM_CONVERSION = YES;
				CLANG_WARN_INFINITE_RECURSION = YES;
				CLANG_WARN_INT_CONVERSION = YES;
				CLANG_WARN_NON_LITERAL_NULL_CONVERSION = YES;
				CLANG_WARN_OBJC_IMPLICIT_RETAIN_SELF = YES;
				CLANG_WARN_OBJC_LITERAL_CONVERSION = YES;
				CLANG_WARN_OBJC_ROOT_CLASS = YES_ERROR;
				CLANG_WARN_RANGE_LOOP_ANALYSIS = YES;
				CLANG_WARN_STRICT_PROTOTYPES = YES;
				CLANG_WARN_SUSPICIOUS_MOVE = YES;
				CLANG_WARN_UNGUARDED_AVAILABILITY = YES_AGGRESSIVE;
				CLANG_WARN_UNREACHABLE_CODE = YES;
				CLANG_WARN__DUPLICATE_METHOD_MATCH = YES;
				CODE_SIGN_IDENTITY = "iPhone Developer";
				COPY_PHASE_STRIP = NO;
				DEBUG_INFORMATION_FORMAT = dwarf;
				ENABLE_STRICT_OBJC_MSGSEND = YES;
				ENABLE_TESTABILITY = YES;
				GCC_C_LANGUAGE_STANDARD = gnu11;
				GCC_DYNAMIC_NO_PIC = NO;
				GCC_NO_COMMON_BLOCKS = YES;
				GCC_OPTIMIZATION_LEVEL = 0;
				GCC_PREPROCESSOR_DEFINITIONS = (
					"DEBUG=1",
					"$(inherited)",
				);
				GCC_WARN_64_TO_32_BIT_CONVERSION = YES;
				GCC_WARN_ABOUT_RETURN_TYPE = YES_ERROR;
				GCC_WARN_UNDECLARED_SELECTOR = YES;
				GCC_WARN_UNINITIALIZED_AUTOS = YES_AGGRESSIVE;
				GCC_WARN_UNUSED_FUNCTION = YES;
				GCC_WARN_UNUSED_VARIABLE = YES;
				IPHONEOS_DEPLOYMENT_TARGET = 12.1;
				MTL_ENABLE_DEBUG_INFO = INCLUDE_SOURCE;
				MTL_FAST_MATH = YES;
				ONLY_ACTIVE_ARCH = YES;
				SDKROOT = iphoneos;
			};
			name = Debug;
		};
		19BF9C9B22E85272008040A0 /* Release */ = {
			isa = XCBuildConfiguration;
			buildSettings = {
				ALWAYS_SEARCH_USER_PATHS = NO;
				CLANG_ANALYZER_NONNULL = YES;
				CLANG_ANALYZER_NUMBER_OBJECT_CONVERSION = YES_AGGRESSIVE;
				CLANG_CXX_LANGUAGE_STANDARD = "gnu++14";
				CLANG_CXX_LIBRARY = "libc++";
				CLANG_ENABLE_MODULES = YES;
				CLANG_ENABLE_OBJC_ARC = YES;
				CLANG_ENABLE_OBJC_WEAK = YES;
				CLANG_WARN_BLOCK_CAPTURE_AUTORELEASING = YES;
				CLANG_WARN_BOOL_CONVERSION = YES;
				CLANG_WARN_COMMA = YES;
				CLANG_WARN_CONSTANT_CONVERSION = YES;
				CLANG_WARN_DEPRECATED_OBJC_IMPLEMENTATIONS = YES;
				CLANG_WARN_DIRECT_OBJC_ISA_USAGE = YES_ERROR;
				CLANG_WARN_DOCUMENTATION_COMMENTS = YES;
				CLANG_WARN_EMPTY_BODY = YES;
				CLANG_WARN_ENUM_CONVERSION = YES;
				CLANG_WARN_INFINITE_RECURSION = YES;
				CLANG_WARN_INT_CONVERSION = YES;
				CLANG_WARN_NON_LITERAL_NULL_CONVERSION = YES;
				CLANG_WARN_OBJC_IMPLICIT_RETAIN_SELF = YES;
				CLANG_WARN_OBJC_LITERAL_CONVERSION = YES;
				CLANG_WARN_OBJC_ROOT_CLASS = YES_ERROR;
				CLANG_WARN_RANGE_LOOP_ANALYSIS = YES;
				CLANG_WARN_STRICT_PROTOTYPES = YES;
				CLANG_WARN_SUSPICIOUS_MOVE = YES;
				CLANG_WARN_UNGUARDED_AVAILABILITY = YES_AGGRESSIVE;
				CLANG_WARN_UNREACHABLE_CODE = YES;
				CLANG_WARN__DUPLICATE_METHOD_MATCH = YES;
				CODE_SIGN_IDENTITY = "iPhone Developer";
				COPY_PHASE_STRIP = NO;
				DEBUG_INFORMATION_FORMAT = "dwarf-with-dsym";
				ENABLE_NS_ASSERTIONS = NO;
				ENABLE_STRICT_OBJC_MSGSEND = YES;
				GCC_C_LANGUAGE_STANDARD = gnu11;
				GCC_NO_COMMON_BLOCKS = YES;
				GCC_WARN_64_TO_32_BIT_CONVERSION = YES;
				GCC_WARN_ABOUT_RETURN_TYPE = YES_ERROR;
				GCC_WARN_UNDECLARED_SELECTOR = YES;
				GCC_WARN_UNINITIALIZED_AUTOS = YES_AGGRESSIVE;
				GCC_WARN_UNUSED_FUNCTION = YES;
				GCC_WARN_UNUSED_VARIABLE = YES;
				IPHONEOS_DEPLOYMENT_TARGET = 12.1;
				MTL_ENABLE_DEBUG_INFO = NO;
				MTL_FAST_MATH = YES;
				SDKROOT = iphoneos;
				VALIDATE_PRODUCT = YES;
			};
			name = Release;
		};
		19BF9C9D22E85272008040A0 /* Debug */ = {
			isa = XCBuildConfiguration;
			baseConfigurationReference = BA9651253C4BEAD8ABBE3263 /* Pods-FFFFFFF.debug.xcconfig */;
			buildSettings = {
				ASSETCATALOG_COMPILER_APPICON_NAME = AppIcon;
				CODE_SIGN_STYLE = Automatic;
				DEVELOPMENT_TEAM = 63S88Z2GR6;
				FRAMEWORK_SEARCH_PATHS = "";
				INFOPLIST_FILE = FFFFFFF/Info.plist;
				IPHONEOS_DEPLOYMENT_TARGET = 9.0;
				LD_RUNPATH_SEARCH_PATHS = (
					"$(inherited)",
					"@executable_path/Frameworks",
				);
				LIBRARY_SEARCH_PATHS = (
					"$(inherited)",
					"$(PROJECT_DIR)/FFFFFFF/FFmpeg-iOS/lib",
				);
				PRODUCT_BUNDLE_IDENTIFIER = com.AlexCorloeone.com.FFFFFFF;
				PRODUCT_NAME = "$(TARGET_NAME)";
				SYSTEM_HEADER_SEARCH_PATHS = (
					"\"$(SRCROOT)/FFFFFFF/FFmpeg-iOS\"",
					"\"$(SRCROOT)/FFFFFFF/FFmpeg-iOS/include\"",
				);
				TARGETED_DEVICE_FAMILY = "1,2";
				USER_HEADER_SEARCH_PATHS = "";
			};
			name = Debug;
		};
		19BF9C9E22E85272008040A0 /* Release */ = {
			isa = XCBuildConfiguration;
			baseConfigurationReference = 35021FF19CB7A0FBEC67E1B4 /* Pods-FFFFFFF.release.xcconfig */;
			buildSettings = {
				ASSETCATALOG_COMPILER_APPICON_NAME = AppIcon;
				CODE_SIGN_STYLE = Automatic;
				DEVELOPMENT_TEAM = 63S88Z2GR6;
				FRAMEWORK_SEARCH_PATHS = "";
				INFOPLIST_FILE = FFFFFFF/Info.plist;
				IPHONEOS_DEPLOYMENT_TARGET = 9.0;
				LD_RUNPATH_SEARCH_PATHS = (
					"$(inherited)",
					"@executable_path/Frameworks",
				);
				LIBRARY_SEARCH_PATHS = (
					"$(inherited)",
					"$(PROJECT_DIR)/FFFFFFF/FFmpeg-iOS/lib",
				);
				PRODUCT_BUNDLE_IDENTIFIER = com.AlexCorloeone.com.FFFFFFF;
				PRODUCT_NAME = "$(TARGET_NAME)";
				SYSTEM_HEADER_SEARCH_PATHS = (
					"\"$(SRCROOT)/FFFFFFF/FFmpeg-iOS\"",
					"\"$(SRCROOT)/FFFFFFF/FFmpeg-iOS/include\"",
				);
				TARGETED_DEVICE_FAMILY = "1,2";
				USER_HEADER_SEARCH_PATHS = "";
			};
			name = Release;
		};
/* End XCBuildConfiguration section */

/* Begin XCConfigurationList section */
		19BF9C8122E85270008040A0 /* Build configuration list for PBXProject "FFFFFFF" */ = {
			isa = XCConfigurationList;
			buildConfigurations = (
				19BF9C9A22E85272008040A0 /* Debug */,
				19BF9C9B22E85272008040A0 /* Release */,
			);
			defaultConfigurationIsVisible = 0;
			defaultConfigurationName = Release;
		};
		19BF9C9C22E85272008040A0 /* Build configuration list for PBXNativeTarget "FFFFFFF" */ = {
			isa = XCConfigurationList;
			buildConfigurations = (
				19BF9C9D22E85272008040A0 /* Debug */,
				19BF9C9E22E85272008040A0 /* Release */,
			);
			defaultConfigurationIsVisible = 0;
			defaultConfigurationName = Release;
		};
/* End XCConfigurationList section */
	};
	rootObject = 19BF9C7E22E85270008040A0 /* Project object */;
}
